
Microsoft Visual Studio Solution File, Format Version 12.00
# Visual Studio Version 17
VisualStudioVersion = 17.11.35222.181
MinimumVisualStudioVersion = 10.0.40219.1
Project("{FAE04EC0-301F-11D3-BF4B-00C04F79EFBC}") = "BuilderPatternExample", "BuilderPatternExample\BuilderPatternExample.csproj", "{252B2B27-9B3B-4A0F-A855-E949B75FE664}"
EndProject
Global
	GlobalSection(SolutionConfigurationPlatforms) = preSolution
		Debug|Any CPU = Debug|Any CPU
		Release|Any CPU = Release|Any CPU
	EndGlobalSection
	GlobalSection(ProjectConfigurationPlatforms) = postSolution
		{252B2B27-9B3B-4A0F-A855-E949B75FE664}.Debug|Any CPU.ActiveCfg = Debug|Any CPU
		{252B2B27-9B3B-4A0F-A855-E949B75FE664}.Debug|Any CPU.Build.0 = Debug|Any CPU
		{252B2B27-9B3B-4A0F-A855-E949B75FE664}.Release|Any CPU.ActiveCfg = Release|Any CPU
		{252B2B27-9B3B-4A0F-A855-E949B75FE664}.Release|Any CPU.Build.0 = Release|Any CPU
	EndGlobalSection
	GlobalSection(SolutionProperties) = preSolution
		HideSolutionNode = FALSE
	EndGlobalSection
	GlobalSection(ExtensibilityGlobals) = postSolution
		SolutionGuid = {326C1B96-45DF-45DE-B36E-985A3E465DFA}
	EndGlobalSection
EndGlobal
